// !$*UTF8*$!
{
	archiveVersion = 1;
	classes = {
	};
	objectVersion = 50;
	objects = {

/* Begin PBXBuildFile section */
		16403B4F245B8918004D3493 /* AppDelegate.swift in Sources */ = {isa = PBXBuildFile; fileRef = 16403B4E245B8918004D3493 /* AppDelegate.swift */; };
		16403B51245B8918004D3493 /* SceneDelegate.swift in Sources */ = {isa = PBXBuildFile; fileRef = 16403B50245B8918004D3493 /* SceneDelegate.swift */; };
		16403B53245B8918004D3493 /* CurrencyConverterViewController.swift in Sources */ = {isa = PBXBuildFile; fileRef = 16403B52245B8918004D3493 /* CurrencyConverterViewController.swift */; };
		16403B56245B8918004D3493 /* Main.storyboard in Resources */ = {isa = PBXBuildFile; fileRef = 16403B54245B8918004D3493 /* Main.storyboard */; };
		16403B59245B8918004D3493 /* currency_converter.xcdatamodeld in Sources */ = {isa = PBXBuildFile; fileRef = 16403B57245B8918004D3493 /* currency_converter.xcdatamodeld */; };
		16403B5B245B891A004D3493 /* Assets.xcassets in Resources */ = {isa = PBXBuildFile; fileRef = 16403B5A245B891A004D3493 /* Assets.xcassets */; };
		16403B5E245B891A004D3493 /* LaunchScreen.storyboard in Resources */ = {isa = PBXBuildFile; fileRef = 16403B5C245B891A004D3493 /* LaunchScreen.storyboard */; };
		16403B69245B891A004D3493 /* currency_converterTests.swift in Sources */ = {isa = PBXBuildFile; fileRef = 16403B68245B891A004D3493 /* currency_converterTests.swift */; };
		16403B74245B8F22004D3493 /* CurrencyRequest.swift in Sources */ = {isa = PBXBuildFile; fileRef = 16403B73245B8F22004D3493 /* CurrencyRequest.swift */; };
		16403B77245B916D004D3493 /* Currency.swift in Sources */ = {isa = PBXBuildFile; fileRef = 16403B76245B916D004D3493 /* Currency.swift */; };
		16403B78245B916D004D3493 /* Currency.swift in Sources */ = {isa = PBXBuildFile; fileRef = 16403B76245B916D004D3493 /* Currency.swift */; };
		166599D7245C97D300D03AD7 /* CurrencyConverterViewModel.swift in Sources */ = {isa = PBXBuildFile; fileRef = 166599D6245C97D300D03AD7 /* CurrencyConverterViewModel.swift */; };
		166599D8245C97D300D03AD7 /* CurrencyConverterViewModel.swift in Sources */ = {isa = PBXBuildFile; fileRef = 166599D6245C97D300D03AD7 /* CurrencyConverterViewModel.swift */; };
		166599DA245C9B2200D03AD7 /* SelectCurrencyViewController.swift in Sources */ = {isa = PBXBuildFile; fileRef = 166599D9245C9B2200D03AD7 /* SelectCurrencyViewController.swift */; };
		166599DB245C9B2200D03AD7 /* SelectCurrencyViewController.swift in Sources */ = {isa = PBXBuildFile; fileRef = 166599D9245C9B2200D03AD7 /* SelectCurrencyViewController.swift */; };
		166599DD245C9B7E00D03AD7 /* SelectCurrencyViewModel.swift in Sources */ = {isa = PBXBuildFile; fileRef = 166599DC245C9B7E00D03AD7 /* SelectCurrencyViewModel.swift */; };
		166599DE245C9B7E00D03AD7 /* SelectCurrencyViewModel.swift in Sources */ = {isa = PBXBuildFile; fileRef = 166599DC245C9B7E00D03AD7 /* SelectCurrencyViewModel.swift */; };
		16C3056E245C86FA00ACE204 /* Rate.swift in Sources */ = {isa = PBXBuildFile; fileRef = 16C3056D245C86FA00ACE204 /* Rate.swift */; };
		16C3056F245C86FA00ACE204 /* Rate.swift in Sources */ = {isa = PBXBuildFile; fileRef = 16C3056D245C86FA00ACE204 /* Rate.swift */; };
/* End PBXBuildFile section */

/* Begin PBXContainerItemProxy section */
		16403B65245B891A004D3493 /* PBXContainerItemProxy */ = {
			isa = PBXContainerItemProxy;
			containerPortal = 16403B43245B8918004D3493 /* Project object */;
			proxyType = 1;
			remoteGlobalIDString = 16403B4A245B8918004D3493;
			remoteInfo = "currency-converter";
		};
/* End PBXContainerItemProxy section */

/* Begin PBXFileReference section */
		16403B4B245B8918004D3493 /* currency-converter.app */ = {isa = PBXFileReference; explicitFileType = wrapper.application; includeInIndex = 0; path = "currency-converter.app"; sourceTree = BUILT_PRODUCTS_DIR; };
		16403B4E245B8918004D3493 /* AppDelegate.swift */ = {isa = PBXFileReference; lastKnownFileType = sourcecode.swift; path = AppDelegate.swift; sourceTree = "<group>"; };
		16403B50245B8918004D3493 /* SceneDelegate.swift */ = {isa = PBXFileReference; lastKnownFileType = sourcecode.swift; path = SceneDelegate.swift; sourceTree = "<group>"; };
		16403B52245B8918004D3493 /* CurrencyConverterViewController.swift */ = {isa = PBXFileReference; lastKnownFileType = sourcecode.swift; path = CurrencyConverterViewController.swift; sourceTree = "<group>"; };
		16403B55245B8918004D3493 /* Base */ = {isa = PBXFileReference; lastKnownFileType = file.storyboard; name = Base; path = Base.lproj/Main.storyboard; sourceTree = "<group>"; };
		16403B58245B8918004D3493 /* currency_converter.xcdatamodel */ = {isa = PBXFileReference; lastKnownFileType = wrapper.xcdatamodel; path = currency_converter.xcdatamodel; sourceTree = "<group>"; };
		16403B5A245B891A004D3493 /* Assets.xcassets */ = {isa = PBXFileReference; lastKnownFileType = folder.assetcatalog; path = Assets.xcassets; sourceTree = "<group>"; };
		16403B5D245B891A004D3493 /* Base */ = {isa = PBXFileReference; lastKnownFileType = file.storyboard; name = Base; path = Base.lproj/LaunchScreen.storyboard; sourceTree = "<group>"; };
		16403B5F245B891A004D3493 /* Info.plist */ = {isa = PBXFileReference; lastKnownFileType = text.plist.xml; path = Info.plist; sourceTree = "<group>"; };
		16403B64245B891A004D3493 /* currency-converterTests.xctest */ = {isa = PBXFileReference; explicitFileType = wrapper.cfbundle; includeInIndex = 0; path = "currency-converterTests.xctest"; sourceTree = BUILT_PRODUCTS_DIR; };
		16403B68245B891A004D3493 /* currency_converterTests.swift */ = {isa = PBXFileReference; lastKnownFileType = sourcecode.swift; path = currency_converterTests.swift; sourceTree = "<group>"; };
		16403B6A245B891A004D3493 /* Info.plist */ = {isa = PBXFileReference; lastKnownFileType = text.plist.xml; path = Info.plist; sourceTree = "<group>"; };
		16403B73245B8F22004D3493 /* CurrencyRequest.swift */ = {isa = PBXFileReference; lastKnownFileType = sourcecode.swift; path = CurrencyRequest.swift; sourceTree = "<group>"; };
		16403B76245B916D004D3493 /* Currency.swift */ = {isa = PBXFileReference; lastKnownFileType = sourcecode.swift; path = Currency.swift; sourceTree = "<group>"; };
		166599D6245C97D300D03AD7 /* CurrencyConverterViewModel.swift */ = {isa = PBXFileReference; lastKnownFileType = sourcecode.swift; path = CurrencyConverterViewModel.swift; sourceTree = "<group>"; };
		166599D9245C9B2200D03AD7 /* SelectCurrencyViewController.swift */ = {isa = PBXFileReference; lastKnownFileType = sourcecode.swift; path = SelectCurrencyViewController.swift; sourceTree = "<group>"; };
		166599DC245C9B7E00D03AD7 /* SelectCurrencyViewModel.swift */ = {isa = PBXFileReference; lastKnownFileType = sourcecode.swift; path = SelectCurrencyViewModel.swift; sourceTree = "<group>"; };
		16C3056D245C86FA00ACE204 /* Rate.swift */ = {isa = PBXFileReference; lastKnownFileType = sourcecode.swift; path = Rate.swift; sourceTree = "<group>"; };
/* End PBXFileReference section */

/* Begin PBXFrameworksBuildPhase section */
		16403B48245B8918004D3493 /* Frameworks */ = {
			isa = PBXFrameworksBuildPhase;
			buildActionMask = 2147483647;
			files = (
			);
			runOnlyForDeploymentPostprocessing = 0;
		};
		16403B61245B891A004D3493 /* Frameworks */ = {
			isa = PBXFrameworksBuildPhase;
			buildActionMask = 2147483647;
			files = (
			);
			runOnlyForDeploymentPostprocessing = 0;
		};
/* End PBXFrameworksBuildPhase section */

/* Begin PBXGroup section */
		16403B42245B8918004D3493 = {
			isa = PBXGroup;
			children = (
				16403B4D245B8918004D3493 /* currency-converter */,
				16403B67245B891A004D3493 /* currency-converterTests */,
				16403B4C245B8918004D3493 /* Products */,
			);
			sourceTree = "<group>";
		};
		16403B4C245B8918004D3493 /* Products */ = {
			isa = PBXGroup;
			children = (
				16403B4B245B8918004D3493 /* currency-converter.app */,
				16403B64245B891A004D3493 /* currency-converterTests.xctest */,
			);
			name = Products;
			sourceTree = "<group>";
		};
		16403B4D245B8918004D3493 /* currency-converter */ = {
			isa = PBXGroup;
			children = (
				16C30569245C7C4E00ACE204 /* Request */,
				16C3056A245C7CED00ACE204 /* ViewController */,
				16C3056B245C7D0F00ACE204 /* ViewModel */,
				16C30568245C7C3F00ACE204 /* Model */,
				16C3056C245C7D4800ACE204 /* View */,
				16403B5A245B891A004D3493 /* Assets.xcassets */,
				16403B4E245B8918004D3493 /* AppDelegate.swift */,
				16403B50245B8918004D3493 /* SceneDelegate.swift */,
				16403B5F245B891A004D3493 /* Info.plist */,
				16403B57245B8918004D3493 /* currency_converter.xcdatamodeld */,
			);
			path = "currency-converter";
			sourceTree = "<group>";
		};
		16403B67245B891A004D3493 /* currency-converterTests */ = {
			isa = PBXGroup;
			children = (
				16403B68245B891A004D3493 /* currency_converterTests.swift */,
				16403B6A245B891A004D3493 /* Info.plist */,
			);
			path = "currency-converterTests";
			sourceTree = "<group>";
		};
		16C30568245C7C3F00ACE204 /* Model */ = {
			isa = PBXGroup;
			children = (
				16403B76245B916D004D3493 /* Currency.swift */,
				16C3056D245C86FA00ACE204 /* Rate.swift */,
			);
			path = Model;
			sourceTree = "<group>";
		};
		16C30569245C7C4E00ACE204 /* Request */ = {
			isa = PBXGroup;
			children = (
				16403B73245B8F22004D3493 /* CurrencyRequest.swift */,
			);
			path = Request;
			sourceTree = "<group>";
		};
		16C3056A245C7CED00ACE204 /* ViewController */ = {
			isa = PBXGroup;
			children = (
				16403B52245B8918004D3493 /* CurrencyConverterViewController.swift */,
				166599D9245C9B2200D03AD7 /* SelectCurrencyViewController.swift */,
			);
			path = ViewController;
			sourceTree = "<group>";
		};
		16C3056B245C7D0F00ACE204 /* ViewModel */ = {
			isa = PBXGroup;
			children = (
				166599D6245C97D300D03AD7 /* CurrencyConverterViewModel.swift */,
				166599DC245C9B7E00D03AD7 /* SelectCurrencyViewModel.swift */,
			);
			path = ViewModel;
			sourceTree = "<group>";
		};
		16C3056C245C7D4800ACE204 /* View */ = {
			isa = PBXGroup;
			children = (
				16403B54245B8918004D3493 /* Main.storyboard */,
				16403B5C245B891A004D3493 /* LaunchScreen.storyboard */,
			);
			path = View;
			sourceTree = "<group>";
		};
/* End PBXGroup section */

/* Begin PBXNativeTarget section */
		16403B4A245B8918004D3493 /* currency-converter */ = {
			isa = PBXNativeTarget;
			buildConfigurationList = 16403B6D245B891A004D3493 /* Build configuration list for PBXNativeTarget "currency-converter" */;
			buildPhases = (
				16403B47245B8918004D3493 /* Sources */,
				16403B48245B8918004D3493 /* Frameworks */,
				16403B49245B8918004D3493 /* Resources */,
			);
			buildRules = (
			);
			dependencies = (
			);
			name = "currency-converter";
			productName = "currency-converter";
			productReference = 16403B4B245B8918004D3493 /* currency-converter.app */;
			productType = "com.apple.product-type.application";
		};
		16403B63245B891A004D3493 /* currency-converterTests */ = {
			isa = PBXNativeTarget;
			buildConfigurationList = 16403B70245B891A004D3493 /* Build configuration list for PBXNativeTarget "currency-converterTests" */;
			buildPhases = (
				16403B60245B891A004D3493 /* Sources */,
				16403B61245B891A004D3493 /* Frameworks */,
				16403B62245B891A004D3493 /* Resources */,
			);
			buildRules = (
			);
			dependencies = (
				16403B66245B891A004D3493 /* PBXTargetDependency */,
			);
			name = "currency-converterTests";
			productName = "currency-converterTests";
			productReference = 16403B64245B891A004D3493 /* currency-converterTests.xctest */;
			productType = "com.apple.product-type.bundle.unit-test";
		};
/* End PBXNativeTarget section */

/* Begin PBXProject section */
		16403B43245B8918004D3493 /* Project object */ = {
			isa = PBXProject;
			attributes = {
				LastSwiftUpdateCheck = 1140;
				LastUpgradeCheck = 1140;
				ORGANIZATIONNAME = "Gabriel Tavares";
				TargetAttributes = {
					16403B4A245B8918004D3493 = {
						CreatedOnToolsVersion = 11.4.1;
					};
					16403B63245B891A004D3493 = {
						CreatedOnToolsVersion = 11.4.1;
						TestTargetID = 16403B4A245B8918004D3493;
					};
				};
			};
			buildConfigurationList = 16403B46245B8918004D3493 /* Build configuration list for PBXProject "currency-converter" */;
			compatibilityVersion = "Xcode 9.3";
			developmentRegion = en;
			hasScannedForEncodings = 0;
			knownRegions = (
				en,
				Base,
			);
			mainGroup = 16403B42245B8918004D3493;
			productRefGroup = 16403B4C245B8918004D3493 /* Products */;
			projectDirPath = "";
			projectRoot = "";
			targets = (
				16403B4A245B8918004D3493 /* currency-converter */,
				16403B63245B891A004D3493 /* currency-converterTests */,
			);
		};
/* End PBXProject section */

/* Begin PBXResourcesBuildPhase section */
		16403B49245B8918004D3493 /* Resources */ = {
			isa = PBXResourcesBuildPhase;
			buildActionMask = 2147483647;
			files = (
				16403B5E245B891A004D3493 /* LaunchScreen.storyboard in Resources */,
				16403B5B245B891A004D3493 /* Assets.xcassets in Resources */,
				16403B56245B8918004D3493 /* Main.storyboard in Resources */,
			);
			runOnlyForDeploymentPostprocessing = 0;
		};
		16403B62245B891A004D3493 /* Resources */ = {
			isa = PBXResourcesBuildPhase;
			buildActionMask = 2147483647;
			files = (
			);
			runOnlyForDeploymentPostprocessing = 0;
		};
/* End PBXResourcesBuildPhase section */

/* Begin PBXSourcesBuildPhase section */
		16403B47245B8918004D3493 /* Sources */ = {
			isa = PBXSourcesBuildPhase;
			buildActionMask = 2147483647;
			files = (
				16403B77245B916D004D3493 /* Currency.swift in Sources */,
				16403B53245B8918004D3493 /* CurrencyConverterViewController.swift in Sources */,
				16403B59245B8918004D3493 /* currency_converter.xcdatamodeld in Sources */,
				16C3056E245C86FA00ACE204 /* Rate.swift in Sources */,
				166599D7245C97D300D03AD7 /* CurrencyConverterViewModel.swift in Sources */,
				16403B4F245B8918004D3493 /* AppDelegate.swift in Sources */,
				166599DA245C9B2200D03AD7 /* SelectCurrencyViewController.swift in Sources */,
				16403B51245B8918004D3493 /* SceneDelegate.swift in Sources */,
				16403B74245B8F22004D3493 /* CurrencyRequest.swift in Sources */,
				166599DD245C9B7E00D03AD7 /* SelectCurrencyViewModel.swift in Sources */,
			);
			runOnlyForDeploymentPostprocessing = 0;
		};
		16403B60245B891A004D3493 /* Sources */ = {
			isa = PBXSourcesBuildPhase;
			buildActionMask = 2147483647;
			files = (
				166599DB245C9B2200D03AD7 /* SelectCurrencyViewController.swift in Sources */,
				166599DE245C9B7E00D03AD7 /* SelectCurrencyViewModel.swift in Sources */,
				166599D8245C97D300D03AD7 /* CurrencyConverterViewModel.swift in Sources */,
				16C3056F245C86FA00ACE204 /* Rate.swift in Sources */,
				16403B78245B916D004D3493 /* Currency.swift in Sources */,
				16403B69245B891A004D3493 /* currency_converterTests.swift in Sources */,
			);
			runOnlyForDeploymentPostprocessing = 0;
		};
/* End PBXSourcesBuildPhase section */

/* Begin PBXTargetDependency section */
		16403B66245B891A004D3493 /* PBXTargetDependency */ = {
			isa = PBXTargetDependency;
			target = 16403B4A245B8918004D3493 /* currency-converter */;
			targetProxy = 16403B65245B891A004D3493 /* PBXContainerItemProxy */;
		};
/* End PBXTargetDependency section */

/* Begin PBXVariantGroup section */
		16403B54245B8918004D3493 /* Main.storyboard */ = {
			isa = PBXVariantGroup;
			children = (
				16403B55245B8918004D3493 /* Base */,
			);
			name = Main.storyboard;
			sourceTree = "<group>";
		};
		16403B5C245B891A004D3493 /* LaunchScreen.storyboard */ = {
			isa = PBXVariantGroup;
			children = (
				16403B5D245B891A004D3493 /* Base */,
			);
			name = LaunchScreen.storyboard;
			sourceTree = "<group>";
		};
/* End PBXVariantGroup section */

/* Begin XCBuildConfiguration section */
		16403B6B245B891A004D3493 /* Debug */ = {
			isa = XCBuildConfiguration;
			buildSettings = {
				ALWAYS_SEARCH_USER_PATHS = NO;
				CLANG_ANALYZER_NONNULL = YES;
				CLANG_ANALYZER_NUMBER_OBJECT_CONVERSION = YES_AGGRESSIVE;
				CLANG_CXX_LANGUAGE_STANDARD = "gnu++14";
				CLANG_CXX_LIBRARY = "libc++";
				CLANG_ENABLE_MODULES = YES;
				CLANG_ENABLE_OBJC_ARC = YES;
				CLANG_ENABLE_OBJC_WEAK = YES;
				CLANG_WARN_BLOCK_CAPTURE_AUTORELEASING = YES;
				CLANG_WARN_BOOL_CONVERSION = YES;
				CLANG_WARN_COMMA = YES;
				CLANG_WARN_CONSTANT_CONVERSION = YES;
				CLANG_WARN_DEPRECATED_OBJC_IMPLEMENTATIONS = YES;
				CLANG_WARN_DIRECT_OBJC_ISA_USAGE = YES_ERROR;
				CLANG_WARN_DOCUMENTATION_COMMENTS = YES;
				CLANG_WARN_EMPTY_BODY = YES;
				CLANG_WARN_ENUM_CONVERSION = YES;
				CLANG_WARN_INFINITE_RECURSION = YES;
				CLANG_WARN_INT_CONVERSION = YES;
				CLANG_WARN_NON_LITERAL_NULL_CONVERSION = YES;
				CLANG_WARN_OBJC_IMPLICIT_RETAIN_SELF = YES;
				CLANG_WARN_OBJC_LITERAL_CONVERSION = YES;
				CLANG_WARN_OBJC_ROOT_CLASS = YES_ERROR;
				CLANG_WARN_RANGE_LOOP_ANALYSIS = YES;
				CLANG_WARN_STRICT_PROTOTYPES = YES;
				CLANG_WARN_SUSPICIOUS_MOVE = YES;
				CLANG_WARN_UNGUARDED_AVAILABILITY = YES_AGGRESSIVE;
				CLANG_WARN_UNREACHABLE_CODE = YES;
				CLANG_WARN__DUPLICATE_METHOD_MATCH = YES;
				COPY_PHASE_STRIP = NO;
				DEBUG_INFORMATION_FORMAT = dwarf;
				ENABLE_STRICT_OBJC_MSGSEND = YES;
				ENABLE_TESTABILITY = YES;
				GCC_C_LANGUAGE_STANDARD = gnu11;
				GCC_DYNAMIC_NO_PIC = NO;
				GCC_NO_COMMON_BLOCKS = YES;
				GCC_OPTIMIZATION_LEVEL = 0;
				GCC_PREPROCESSOR_DEFINITIONS = (
					"DEBUG=1",
					"$(inherited)",
				);
				GCC_WARN_64_TO_32_BIT_CONVERSION = YES;
				GCC_WARN_ABOUT_RETURN_TYPE = YES_ERROR;
				GCC_WARN_UNDECLARED_SELECTOR = YES;
				GCC_WARN_UNINITIALIZED_AUTOS = YES_AGGRESSIVE;
				GCC_WARN_UNUSED_FUNCTION = YES;
				GCC_WARN_UNUSED_VARIABLE = YES;
				IPHONEOS_DEPLOYMENT_TARGET = 13.4;
				MTL_ENABLE_DEBUG_INFO = INCLUDE_SOURCE;
				MTL_FAST_MATH = YES;
				ONLY_ACTIVE_ARCH = YES;
				SDKROOT = iphoneos;
				SWIFT_ACTIVE_COMPILATION_CONDITIONS = DEBUG;
				SWIFT_OPTIMIZATION_LEVEL = "-Onone";
			};
			name = Debug;
		};
		16403B6C245B891A004D3493 /* Release */ = {
			isa = XCBuildConfiguration;
			buildSettings = {
				ALWAYS_SEARCH_USER_PATHS = NO;
				CLANG_ANALYZER_NONNULL = YES;
				CLANG_ANALYZER_NUMBER_OBJECT_CONVERSION = YES_AGGRESSIVE;
				CLANG_CXX_LANGUAGE_STANDARD = "gnu++14";
				CLANG_CXX_LIBRARY = "libc++";
				CLANG_ENABLE_MODULES = YES;
				CLANG_ENABLE_OBJC_ARC = YES;
				CLANG_ENABLE_OBJC_WEAK = YES;
				CLANG_WARN_BLOCK_CAPTURE_AUTORELEASING = YES;
				CLANG_WARN_BOOL_CONVERSION = YES;
				CLANG_WARN_COMMA = YES;
				CLANG_WARN_CONSTANT_CONVERSION = YES;
				CLANG_WARN_DEPRECATED_OBJC_IMPLEMENTATIONS = YES;
				CLANG_WARN_DIRECT_OBJC_ISA_USAGE = YES_ERROR;
				CLANG_WARN_DOCUMENTATION_COMMENTS = YES;
				CLANG_WARN_EMPTY_BODY = YES;
				CLANG_WARN_ENUM_CONVERSION = YES;
				CLANG_WARN_INFINITE_RECURSION = YES;
				CLANG_WARN_INT_CONVERSION = YES;
				CLANG_WARN_NON_LITERAL_NULL_CONVERSION = YES;
				CLANG_WARN_OBJC_IMPLICIT_RETAIN_SELF = YES;
				CLANG_WARN_OBJC_LITERAL_CONVERSION = YES;
				CLANG_WARN_OBJC_ROOT_CLASS = YES_ERROR;
				CLANG_WARN_RANGE_LOOP_ANALYSIS = YES;
				CLANG_WARN_STRICT_PROTOTYPES = YES;
				CLANG_WARN_SUSPICIOUS_MOVE = YES;
				CLANG_WARN_UNGUARDED_AVAILABILITY = YES_AGGRESSIVE;
				CLANG_WARN_UNREACHABLE_CODE = YES;
				CLANG_WARN__DUPLICATE_METHOD_MATCH = YES;
				COPY_PHASE_STRIP = NO;
				DEBUG_INFORMATION_FORMAT = "dwarf-with-dsym";
				ENABLE_NS_ASSERTIONS = NO;
				ENABLE_STRICT_OBJC_MSGSEND = YES;
				GCC_C_LANGUAGE_STANDARD = gnu11;
				GCC_NO_COMMON_BLOCKS = YES;
				GCC_WARN_64_TO_32_BIT_CONVERSION = YES;
				GCC_WARN_ABOUT_RETURN_TYPE = YES_ERROR;
				GCC_WARN_UNDECLARED_SELECTOR = YES;
				GCC_WARN_UNINITIALIZED_AUTOS = YES_AGGRESSIVE;
				GCC_WARN_UNUSED_FUNCTION = YES;
				GCC_WARN_UNUSED_VARIABLE = YES;
				IPHONEOS_DEPLOYMENT_TARGET = 13.4;
				MTL_ENABLE_DEBUG_INFO = NO;
				MTL_FAST_MATH = YES;
				SDKROOT = iphoneos;
				SWIFT_COMPILATION_MODE = wholemodule;
				SWIFT_OPTIMIZATION_LEVEL = "-O";
				VALIDATE_PRODUCT = YES;
			};
			name = Release;
		};
		16403B6E245B891A004D3493 /* Debug */ = {
			isa = XCBuildConfiguration;
			buildSettings = {
				ASSETCATALOG_COMPILER_APPICON_NAME = AppIcon;
				CODE_SIGN_STYLE = Automatic;
				INFOPLIST_FILE = "currency-converter/Info.plist";
				LD_RUNPATH_SEARCH_PATHS = (
					"$(inherited)",
					"@executable_path/Frameworks",
				);
				PRODUCT_BUNDLE_IDENTIFIER = "Gabriel-Tavares.currency-converter";
				PRODUCT_NAME = "$(TARGET_NAME)";
				SWIFT_VERSION = 5.0;
				TARGETED_DEVICE_FAMILY = "1,2";
			};
			name = Debug;
		};
		16403B6F245B891A004D3493 /* Release */ = {
			isa = XCBuildConfiguration;
			buildSettings = {
				ASSETCATALOG_COMPILER_APPICON_NAME = AppIcon;
				CODE_SIGN_STYLE = Automatic;
				INFOPLIST_FILE = "currency-converter/Info.plist";
				LD_RUNPATH_SEARCH_PATHS = (
					"$(inherited)",
					"@executable_path/Frameworks",
				);
				PRODUCT_BUNDLE_IDENTIFIER = "Gabriel-Tavares.currency-converter";
				PRODUCT_NAME = "$(TARGET_NAME)";
				SWIFT_VERSION = 5.0;
				TARGETED_DEVICE_FAMILY = "1,2";
			};
			name = Release;
		};
		16403B71245B891A004D3493 /* Debug */ = {
			isa = XCBuildConfiguration;
			buildSettings = {
				ALWAYS_EMBED_SWIFT_STANDARD_LIBRARIES = YES;
				BUNDLE_LOADER = "$(TEST_HOST)";
				CODE_SIGN_STYLE = Automatic;
				INFOPLIST_FILE = "currency-converterTests/Info.plist";
				IPHONEOS_DEPLOYMENT_TARGET = 13.4;
				LD_RUNPATH_SEARCH_PATHS = (
					"$(inherited)",
					"@executable_path/Frameworks",
					"@loader_path/Frameworks",
				);
				PRODUCT_BUNDLE_IDENTIFIER = "Gabriel-Tavares.currency-converterTests";
				PRODUCT_NAME = "$(TARGET_NAME)";
				SWIFT_VERSION = 5.0;
				TARGETED_DEVICE_FAMILY = "1,2";
				TEST_HOST = "$(BUILT_PRODUCTS_DIR)/currency-converter.app/currency-converter";
			};
			name = Debug;
		};
		16403B72245B891A004D3493 /* Release */ = {
			isa = XCBuildConfiguration;
			buildSettings = {
				ALWAYS_EMBED_SWIFT_STANDARD_LIBRARIES = YES;
				BUNDLE_LOADER = "$(TEST_HOST)";
				CODE_SIGN_STYLE = Automatic;
				INFOPLIST_FILE = "currency-converterTests/Info.plist";
				IPHONEOS_DEPLOYMENT_TARGET = 13.4;
				LD_RUNPATH_SEARCH_PATHS = (
					"$(inherited)",
					"@executable_path/Frameworks",
					"@loader_path/Frameworks",
				);
				PRODUCT_BUNDLE_IDENTIFIER = "Gabriel-Tavares.currency-converterTests";
				PRODUCT_NAME = "$(TARGET_NAME)";
				SWIFT_VERSION = 5.0;
				TARGETED_DEVICE_FAMILY = "1,2";
				TEST_HOST = "$(BUILT_PRODUCTS_DIR)/currency-converter.app/currency-converter";
			};
			name = Release;
		};
/* End XCBuildConfiguration section */

/* Begin XCConfigurationList section */
		16403B46245B8918004D3493 /* Build configuration list for PBXProject "currency-converter" */ = {
			isa = XCConfigurationList;
			buildConfigurations = (
				16403B6B245B891A004D3493 /* Debug */,
				16403B6C245B891A004D3493 /* Release */,
			);
			defaultConfigurationIsVisible = 0;
			defaultConfigurationName = Release;
		};
		16403B6D245B891A004D3493 /* Build configuration list for PBXNativeTarget "currency-converter" */ = {
			isa = XCConfigurationList;
			buildConfigurations = (
				16403B6E245B891A004D3493 /* Debug */,
				16403B6F245B891A004D3493 /* Release */,
			);
			defaultConfigurationIsVisible = 0;
			defaultConfigurationName = Release;
		};
		16403B70245B891A004D3493 /* Build configuration list for PBXNativeTarget "currency-converterTests" */ = {
			isa = XCConfigurationList;
			buildConfigurations = (
				16403B71245B891A004D3493 /* Debug */,
				16403B72245B891A004D3493 /* Release */,
			);
			defaultConfigurationIsVisible = 0;
			defaultConfigurationName = Release;
		};
/* End XCConfigurationList section */

/* Begin XCVersionGroup section */
		16403B57245B8918004D3493 /* currency_converter.xcdatamodeld */ = {
			isa = XCVersionGroup;
			children = (
				16403B58245B8918004D3493 /* currency_converter.xcdatamodel */,
			);
			currentVersion = 16403B58245B8918004D3493 /* currency_converter.xcdatamodel */;
			path = currency_converter.xcdatamodeld;
			sourceTree = "<group>";
			versionGroupType = wrapper.xcdatamodel;
		};
/* End XCVersionGroup section */
	};
	rootObject = 16403B43245B8918004D3493 /* Project object */;
}
